# This file is automatically @generated by Cargo.
# It is not intended for manual editing.
version = 4

[[package]]
name = "all-in-icmp"
version = "1.1.0"
dependencies = [
 "nfq",
]

[[package]]
name = "libc"
version = "0.2.161"
source = "registry+https://github.com/rust-lang/crates.io-index"
checksum = "8e9489c2807c139ffd9c1794f4af0ebe86a828db53ecdc7fea2111d0fed085d1"

[[package]]
name = "nfq"
version = "0.2.5"
source = "registry+https://github.com/rust-lang/crates.io-index"
checksum = "b9c8f4c88952507d9df9400a6a2e48640fb460e21dcb2b4716eb3ff156d6db9e"
dependencies = [
 "libc",
]
